
Microsoft Visual Studio Solution File, Format Version 12.00
# Visual Studio Version 17
VisualStudioVersion = 17.7.34031.279
MinimumVisualStudioVersion = 10.0.40219.1
Project("{9A19103F-16F7-4668-BE54-9A1E7A4F7556}") = "DynamicTimeWarping", "DynamicTimeWarping\DynamicTimeWarping.csproj", "{FC3148BD-ACCE-4BBC-B2F1-69409CD2E0DF}"
EndProject
Project("{9A19103F-16F7-4668-BE54-9A1E7A4F7556}") = "EB-DBA and LS-DTW", "EB-DBA and LS-DTW\EB-DBA and LS-DTW.csproj", "{731A4C16-5D13-4AB3-A5B9-F1418F745022}"
EndProject
Global
	GlobalSection(SolutionConfigurationPlatforms) = preSolution
		Debug|Any CPU = Debug|Any CPU
		Release|Any CPU = Release|Any CPU
	EndGlobalSection
	GlobalSection(ProjectConfigurationPlatforms) = postSolution
		{FC3148BD-ACCE-4BBC-B2F1-69409CD2E0DF}.Debug|Any CPU.ActiveCfg = Debug|Any CPU
		{FC3148BD-ACCE-4BBC-B2F1-69409CD2E0DF}.Debug|Any CPU.Build.0 = Debug|Any CPU
		{FC3148BD-ACCE-4BBC-B2F1-69409CD2E0DF}.Release|Any CPU.ActiveCfg = Release|Any CPU
		{FC3148BD-ACCE-4BBC-B2F1-69409CD2E0DF}.Release|Any CPU.Build.0 = Release|Any CPU
		{731A4C16-5D13-4AB3-A5B9-F1418F745022}.Debug|Any CPU.ActiveCfg = Debug|Any CPU
		{731A4C16-5D13-4AB3-A5B9-F1418F745022}.Debug|Any CPU.Build.0 = Debug|Any CPU
		{731A4C16-5D13-4AB3-A5B9-F1418F745022}.Release|Any CPU.ActiveCfg = Release|Any CPU
		{731A4C16-5D13-4AB3-A5B9-F1418F745022}.Release|Any CPU.Build.0 = Release|Any CPU
	EndGlobalSection
	GlobalSection(SolutionProperties) = preSolution
		HideSolutionNode = FALSE
	EndGlobalSection
	GlobalSection(ExtensibilityGlobals) = postSolution
		SolutionGuid = {F936A2A6-0E3E-44C7-875E-0667D0222AEC}
	EndGlobalSection
EndGlobal
